
Microsoft Visual Studio Solution File, Format Version 12.00
# Visual Studio 15
VisualStudioVersion = 15.0.28307.168
MinimumVisualStudioVersion = 10.0.40219.1
Project("{9A19103F-16F7-4668-BE54-9A1E7A4F7556}") = "BoardCore", "BoardCore\BoardCore.csproj", "{B9C815C3-88FC-4976-96F6-1C40558C8C4C}"
EndProject
Project("{9A19103F-16F7-4668-BE54-9A1E7A4F7556}") = "ExplodingKittens", "ExplodingKittens\ExplodingKittens.csproj", "{CBF3EDFC-9AC7-4CA2-AF6B-2793CA5ABEDA}"
EndProject
Global
	GlobalSection(SolutionConfigurationPlatforms) = preSolution
		Debug|Any CPU = Debug|Any CPU
		Release|Any CPU = Release|Any CPU
	EndGlobalSection
	GlobalSection(ProjectConfigurationPlatforms) = postSolution
		{B9C815C3-88FC-4976-96F6-1C40558C8C4C}.Debug|Any CPU.ActiveCfg = Debug|Any CPU
		{B9C815C3-88FC-4976-96F6-1C40558C8C4C}.Debug|Any CPU.Build.0 = Debug|Any CPU
		{B9C815C3-88FC-4976-96F6-1C40558C8C4C}.Release|Any CPU.ActiveCfg = Release|Any CPU
		{B9C815C3-88FC-4976-96F6-1C40558C8C4C}.Release|Any CPU.Build.0 = Release|Any CPU
		{CBF3EDFC-9AC7-4CA2-AF6B-2793CA5ABEDA}.Debug|Any CPU.ActiveCfg = Debug|Any CPU
		{CBF3EDFC-9AC7-4CA2-AF6B-2793CA5ABEDA}.Debug|Any CPU.Build.0 = Debug|Any CPU
		{CBF3EDFC-9AC7-4CA2-AF6B-2793CA5ABEDA}.Release|Any CPU.ActiveCfg = Release|Any CPU
		{CBF3EDFC-9AC7-4CA2-AF6B-2793CA5ABEDA}.Release|Any CPU.Build.0 = Release|Any CPU
	EndGlobalSection
	GlobalSection(SolutionProperties) = preSolution
		HideSolutionNode = FALSE
	EndGlobalSection
	GlobalSection(ExtensibilityGlobals) = postSolution
		SolutionGuid = {E85CAF9B-01C4-4DD2-9B53-642953C23206}
	EndGlobalSection
EndGlobal
